
Microsoft Visual Studio Solution File, Format Version 12.00
# Visual Studio 15
VisualStudioVersion = 15.0.27428.2037
MinimumVisualStudioVersion = 10.0.40219.1
Project("{8BC9CEB8-8B4A-11D0-8D11-00A0C91BC942}") = "_posts", "_posts\_posts.vcxproj", "{807E7389-D990-4076-A3BC-9495FEED2D55}"
EndProject
Global
	GlobalSection(SolutionConfigurationPlatforms) = preSolution
		Debug|x64 = Debug|x64
		Debug|x86 = Debug|x86
		Release|x64 = Release|x64
		Release|x86 = Release|x86
	EndGlobalSection
	GlobalSection(ProjectConfigurationPlatforms) = postSolution
		{807E7389-D990-4076-A3BC-9495FEED2D55}.Debug|x64.ActiveCfg = Debug|x64
		{807E7389-D990-4076-A3BC-9495FEED2D55}.Debug|x64.Build.0 = Debug|x64
		{807E7389-D990-4076-A3BC-9495FEED2D55}.Debug|x86.ActiveCfg = Debug|Win32
		{807E7389-D990-4076-A3BC-9495FEED2D55}.Debug|x86.Build.0 = Debug|Win32
		{807E7389-D990-4076-A3BC-9495FEED2D55}.Release|x64.ActiveCfg = Release|x64
		{807E7389-D990-4076-A3BC-9495FEED2D55}.Release|x64.Build.0 = Release|x64
		{807E7389-D990-4076-A3BC-9495FEED2D55}.Release|x86.ActiveCfg = Release|Win32
		{807E7389-D990-4076-A3BC-9495FEED2D55}.Release|x86.Build.0 = Release|Win32
	EndGlobalSection
	GlobalSection(SolutionProperties) = preSolution
		HideSolutionNode = FALSE
	EndGlobalSection
	GlobalSection(ExtensibilityGlobals) = postSolution
		SolutionGuid = {394BD0E3-CA95-4B12-9F14-D64D3C65582E}
	EndGlobalSection
EndGlobal
