<?xml version="1.0" encoding="utf-8"?>
<Project ToolsVersion="4.0" xmlns="http://schemas.microsoft.com/developer/msbuild/2003">
  <ItemGroup>
    <Filter Include="Source Files">
      <UniqueIdentifier>{4FC737F1-C7A5-4376-A066-2A32D752A2FF}</UniqueIdentifier>
      <Extensions>cpp;c;cc;cxx;def;odl;idl;hpj;bat;asm;asmx</Extensions>
    </Filter>
    <Filter Include="Header Files">
      <UniqueIdentifier>{93995380-89BD-4b04-88EB-625FBE52EBFB}</UniqueIdentifier>
      <Extensions>h;hh;hpp;hxx;hm;inl;inc;ipp;xsd</Extensions>
    </Filter>
    <Filter Include="Resource Files">
      <UniqueIdentifier>{67DA6AB6-F800-4c08-8B7A-83BB121AAD01}</UniqueIdentifier>
      <Extensions>rc;ico;cur;bmp;dlg;rc2;rct;bin;rgs;gif;jpg;jpeg;jpe;resx;tiff;tif;png;wav;mfcribbon-ms</Extensions>
    </Filter>
  </ItemGroup>
  <ItemGroup>
    <None Include="..\about.md" />
    <None Include="..\_config.yml" />
    <None Include="2018-04-27-homepage.htm" />
    <None Include="2018-04-27-github.htm" />
    <None Include="2018-04-25-welcome-to-jekyll.markdown" />
    <None Include="2018-05-02-hanoi.markdown" />
    <None Include="2018-05-02-Matrix-implement.md" />
    <None Include="2018-05-02-go.md" />
    <None Include="2018-05-02-permutation.md" />
    <None Include="2018-05-02-variadic-template.md" />
    <None Include="2018-05-01-matrix-traversal.md" />
    <None Include="2018-05-02-call-once.md" />
  </ItemGroup>
</Project>